
Microsoft Visual Studio Solution File, Format Version 12.00
# Visual Studio 15
VisualStudioVersion = 15.0.28010.2050
MinimumVisualStudioVersion = 10.0.40219.1
Project("{FAE04EC0-301F-11D3-BF4B-00C04F79EFBC}") = "Boomer", "Boomer\Boomer.csproj", "{B15CB519-944A-4E46-93E7-A47D3CC912A7}"
EndProject
Global
	GlobalSection(SolutionConfigurationPlatforms) = preSolution
		Debug|Any CPU = Debug|Any CPU
		Release|Any CPU = Release|Any CPU
	EndGlobalSection
	GlobalSection(ProjectConfigurationPlatforms) = postSolution
		{B15CB519-944A-4E46-93E7-A47D3CC912A7}.Debug|Any CPU.ActiveCfg = Debug|Any CPU
		{B15CB519-944A-4E46-93E7-A47D3CC912A7}.Debug|Any CPU.Build.0 = Debug|Any CPU
		{B15CB519-944A-4E46-93E7-A47D3CC912A7}.Release|Any CPU.ActiveCfg = Release|Any CPU
		{B15CB519-944A-4E46-93E7-A47D3CC912A7}.Release|Any CPU.Build.0 = Release|Any CPU
	EndGlobalSection
	GlobalSection(SolutionProperties) = preSolution
		HideSolutionNode = FALSE
	EndGlobalSection
	GlobalSection(ExtensibilityGlobals) = postSolution
		SolutionGuid = {DF1EC685-AFF2-49B6-AD86-37B384AEBA4F}
	EndGlobalSection
EndGlobal
